// !$*UTF8*$!
{
	archiveVersion = 1;
	classes = {
	};
	objectVersion = 56;
	objects = {

/* Begin PBXBuildFile section */
		A234008229708AD500616C66 /* SauceLabsAPICallerApp.swift in Sources */ = {isa = PBXBuildFile; fileRef = A234008129708AD500616C66 /* SauceLabsAPICallerApp.swift */; };
		A234008429708AD500616C66 /* ContentView.swift in Sources */ = {isa = PBXBuildFile; fileRef = A234008329708AD500616C66 /* ContentView.swift */; };
		A234008629708ADA00616C66 /* Assets.xcassets in Resources */ = {isa = PBXBuildFile; fileRef = A234008529708ADA00616C66 /* Assets.xcassets */; };
		A234008929708ADA00616C66 /* Preview Assets.xcassets in Resources */ = {isa = PBXBuildFile; fileRef = A234008829708ADA00616C66 /* Preview Assets.xcassets */; };
		A234009329708ADB00616C66 /* SauceLabsAPICallerTests.swift in Sources */ = {isa = PBXBuildFile; fileRef = A234009229708ADB00616C66 /* SauceLabsAPICallerTests.swift */; };
		A234009D29708ADB00616C66 /* SauceLabsAPICallerUITests.swift in Sources */ = {isa = PBXBuildFile; fileRef = A234009C29708ADB00616C66 /* SauceLabsAPICallerUITests.swift */; };
		A234009F29708ADB00616C66 /* SauceLabsAPICallerUITestsLaunchTests.swift in Sources */ = {isa = PBXBuildFile; fileRef = A234009E29708ADB00616C66 /* SauceLabsAPICallerUITestsLaunchTests.swift */; };
		A23400AC2970913C00616C66 /* APICaller.swift in Sources */ = {isa = PBXBuildFile; fileRef = A23400AB2970913C00616C66 /* APICaller.swift */; };
/* End PBXBuildFile section */

/* Begin PBXContainerItemProxy section */
		A234008F29708ADB00616C66 /* PBXContainerItemProxy */ = {
			isa = PBXContainerItemProxy;
			containerPortal = A234007629708AD500616C66 /* Project object */;
			proxyType = 1;
			remoteGlobalIDString = A234007D29708AD500616C66;
			remoteInfo = SauceLabsAPICaller;
		};
		A234009929708ADB00616C66 /* PBXContainerItemProxy */ = {
			isa = PBXContainerItemProxy;
			containerPortal = A234007629708AD500616C66 /* Project object */;
			proxyType = 1;
			remoteGlobalIDString = A234007D29708AD500616C66;
			remoteInfo = SauceLabsAPICaller;
		};
/* End PBXContainerItemProxy section */

/* Begin PBXFileReference section */
		A234007E29708AD500616C66 /* SauceLabsAPICaller.app */ = {isa = PBXFileReference; explicitFileType = wrapper.application; includeInIndex = 0; path = SauceLabsAPICaller.app; sourceTree = BUILT_PRODUCTS_DIR; };
		A234008129708AD500616C66 /* SauceLabsAPICallerApp.swift */ = {isa = PBXFileReference; lastKnownFileType = sourcecode.swift; path = SauceLabsAPICallerApp.swift; sourceTree = "<group>"; };
		A234008329708AD500616C66 /* ContentView.swift */ = {isa = PBXFileReference; lastKnownFileType = sourcecode.swift; path = ContentView.swift; sourceTree = "<group>"; };
		A234008529708ADA00616C66 /* Assets.xcassets */ = {isa = PBXFileReference; lastKnownFileType = folder.assetcatalog; path = Assets.xcassets; sourceTree = "<group>"; };
		A234008829708ADA00616C66 /* Preview Assets.xcassets */ = {isa = PBXFileReference; lastKnownFileType = folder.assetcatalog; path = "Preview Assets.xcassets"; sourceTree = "<group>"; };
		A234008E29708ADB00616C66 /* SauceLabsAPICallerTests.xctest */ = {isa = PBXFileReference; explicitFileType = wrapper.cfbundle; includeInIndex = 0; path = SauceLabsAPICallerTests.xctest; sourceTree = BUILT_PRODUCTS_DIR; };
		A234009229708ADB00616C66 /* SauceLabsAPICallerTests.swift */ = {isa = PBXFileReference; lastKnownFileType = sourcecode.swift; path = SauceLabsAPICallerTests.swift; sourceTree = "<group>"; };
		A234009829708ADB00616C66 /* SauceLabsAPICallerUITests.xctest */ = {isa = PBXFileReference; explicitFileType = wrapper.cfbundle; includeInIndex = 0; path = SauceLabsAPICallerUITests.xctest; sourceTree = BUILT_PRODUCTS_DIR; };
		A234009C29708ADB00616C66 /* SauceLabsAPICallerUITests.swift */ = {isa = PBXFileReference; lastKnownFileType = sourcecode.swift; path = SauceLabsAPICallerUITests.swift; sourceTree = "<group>"; };
		A234009E29708ADB00616C66 /* SauceLabsAPICallerUITestsLaunchTests.swift */ = {isa = PBXFileReference; lastKnownFileType = sourcecode.swift; path = SauceLabsAPICallerUITestsLaunchTests.swift; sourceTree = "<group>"; };
		A23400AB2970913C00616C66 /* APICaller.swift */ = {isa = PBXFileReference; lastKnownFileType = sourcecode.swift; path = APICaller.swift; sourceTree = "<group>"; };
/* End PBXFileReference section */

/* Begin PBXFrameworksBuildPhase section */
		A234007B29708AD500616C66 /* Frameworks */ = {
			isa = PBXFrameworksBuildPhase;
			buildActionMask = 2147483647;
			files = (
			);
			runOnlyForDeploymentPostprocessing = 0;
		};
		A234008B29708ADB00616C66 /* Frameworks */ = {
			isa = PBXFrameworksBuildPhase;
			buildActionMask = 2147483647;
			files = (
			);
			runOnlyForDeploymentPostprocessing = 0;
		};
		A234009529708ADB00616C66 /* Frameworks */ = {
			isa = PBXFrameworksBuildPhase;
			buildActionMask = 2147483647;
			files = (
			);
			runOnlyForDeploymentPostprocessing = 0;
		};
/* End PBXFrameworksBuildPhase section */

/* Begin PBXGroup section */
		A234007529708AD500616C66 = {
			isa = PBXGroup;
			children = (
				A234008029708AD500616C66 /* SauceLabsAPICaller */,
				A234009129708ADB00616C66 /* SauceLabsAPICallerTests */,
				A234009B29708ADB00616C66 /* SauceLabsAPICallerUITests */,
				A234007F29708AD500616C66 /* Products */,
			);
			sourceTree = "<group>";
		};
		A234007F29708AD500616C66 /* Products */ = {
			isa = PBXGroup;
			children = (
				A234007E29708AD500616C66 /* SauceLabsAPICaller.app */,
				A234008E29708ADB00616C66 /* SauceLabsAPICallerTests.xctest */,
				A234009829708ADB00616C66 /* SauceLabsAPICallerUITests.xctest */,
			);
			name = Products;
			sourceTree = "<group>";
		};
		A234008029708AD500616C66 /* SauceLabsAPICaller */ = {
			isa = PBXGroup;
			children = (
				A234008129708AD500616C66 /* SauceLabsAPICallerApp.swift */,
				A234008329708AD500616C66 /* ContentView.swift */,
				A234008529708ADA00616C66 /* Assets.xcassets */,
				A234008729708ADA00616C66 /* Preview Content */,
				A23400AB2970913C00616C66 /* APICaller.swift */,
			);
			path = SauceLabsAPICaller;
			sourceTree = "<group>";
		};
		A234008729708ADA00616C66 /* Preview Content */ = {
			isa = PBXGroup;
			children = (
				A234008829708ADA00616C66 /* Preview Assets.xcassets */,
			);
			path = "Preview Content";
			sourceTree = "<group>";
		};
		A234009129708ADB00616C66 /* SauceLabsAPICallerTests */ = {
			isa = PBXGroup;
			children = (
				A234009229708ADB00616C66 /* SauceLabsAPICallerTests.swift */,
			);
			path = SauceLabsAPICallerTests;
			sourceTree = "<group>";
		};
		A234009B29708ADB00616C66 /* SauceLabsAPICallerUITests */ = {
			isa = PBXGroup;
			children = (
				A234009C29708ADB00616C66 /* SauceLabsAPICallerUITests.swift */,
				A234009E29708ADB00616C66 /* SauceLabsAPICallerUITestsLaunchTests.swift */,
			);
			path = SauceLabsAPICallerUITests;
			sourceTree = "<group>";
		};
/* End PBXGroup section */

/* Begin PBXNativeTarget section */
		A234007D29708AD500616C66 /* SauceLabsAPICaller */ = {
			isa = PBXNativeTarget;
			buildConfigurationList = A23400A229708ADB00616C66 /* Build configuration list for PBXNativeTarget "SauceLabsAPICaller" */;
			buildPhases = (
				A234007A29708AD500616C66 /* Sources */,
				A234007B29708AD500616C66 /* Frameworks */,
				A234007C29708AD500616C66 /* Resources */,
			);
			buildRules = (
			);
			dependencies = (
			);
			name = SauceLabsAPICaller;
			productName = SauceLabsAPICaller;
			productReference = A234007E29708AD500616C66 /* SauceLabsAPICaller.app */;
			productType = "com.apple.product-type.application";
		};
		A234008D29708ADB00616C66 /* SauceLabsAPICallerTests */ = {
			isa = PBXNativeTarget;
			buildConfigurationList = A23400A529708ADB00616C66 /* Build configuration list for PBXNativeTarget "SauceLabsAPICallerTests" */;
			buildPhases = (
				A234008A29708ADB00616C66 /* Sources */,
				A234008B29708ADB00616C66 /* Frameworks */,
				A234008C29708ADB00616C66 /* Resources */,
			);
			buildRules = (
			);
			dependencies = (
				A234009029708ADB00616C66 /* PBXTargetDependency */,
			);
			name = SauceLabsAPICallerTests;
			productName = SauceLabsAPICallerTests;
			productReference = A234008E29708ADB00616C66 /* SauceLabsAPICallerTests.xctest */;
			productType = "com.apple.product-type.bundle.unit-test";
		};
		A234009729708ADB00616C66 /* SauceLabsAPICallerUITests */ = {
			isa = PBXNativeTarget;
			buildConfigurationList = A23400A829708ADB00616C66 /* Build configuration list for PBXNativeTarget "SauceLabsAPICallerUITests" */;
			buildPhases = (
				A234009429708ADB00616C66 /* Sources */,
				A234009529708ADB00616C66 /* Frameworks */,
				A234009629708ADB00616C66 /* Resources */,
			);
			buildRules = (
			);
			dependencies = (
				A234009A29708ADB00616C66 /* PBXTargetDependency */,
			);
			name = SauceLabsAPICallerUITests;
			productName = SauceLabsAPICallerUITests;
			productReference = A234009829708ADB00616C66 /* SauceLabsAPICallerUITests.xctest */;
			productType = "com.apple.product-type.bundle.ui-testing";
		};
/* End PBXNativeTarget section */

/* Begin PBXProject section */
		A234007629708AD500616C66 /* Project object */ = {
			isa = PBXProject;
			attributes = {
				BuildIndependentTargetsInParallel = 1;
				LastSwiftUpdateCheck = 1420;
				LastUpgradeCheck = 1420;
				TargetAttributes = {
					A234007D29708AD500616C66 = {
						CreatedOnToolsVersion = 14.2;
					};
					A234008D29708ADB00616C66 = {
						CreatedOnToolsVersion = 14.2;
						TestTargetID = A234007D29708AD500616C66;
					};
					A234009729708ADB00616C66 = {
						CreatedOnToolsVersion = 14.2;
						TestTargetID = A234007D29708AD500616C66;
					};
				};
			};
			buildConfigurationList = A234007929708AD500616C66 /* Build configuration list for PBXProject "SauceLabsAPICaller" */;
			compatibilityVersion = "Xcode 14.0";
			developmentRegion = en;
			hasScannedForEncodings = 0;
			knownRegions = (
				en,
				Base,
			);
			mainGroup = A234007529708AD500616C66;
			productRefGroup = A234007F29708AD500616C66 /* Products */;
			projectDirPath = "";
			projectRoot = "";
			targets = (
				A234007D29708AD500616C66 /* SauceLabsAPICaller */,
				A234008D29708ADB00616C66 /* SauceLabsAPICallerTests */,
				A234009729708ADB00616C66 /* SauceLabsAPICallerUITests */,
			);
		};
/* End PBXProject section */

/* Begin PBXResourcesBuildPhase section */
		A234007C29708AD500616C66 /* Resources */ = {
			isa = PBXResourcesBuildPhase;
			buildActionMask = 2147483647;
			files = (
				A234008929708ADA00616C66 /* Preview Assets.xcassets in Resources */,
				A234008629708ADA00616C66 /* Assets.xcassets in Resources */,
			);
			runOnlyForDeploymentPostprocessing = 0;
		};
		A234008C29708ADB00616C66 /* Resources */ = {
			isa = PBXResourcesBuildPhase;
			buildActionMask = 2147483647;
			files = (
			);
			runOnlyForDeploymentPostprocessing = 0;
		};
		A234009629708ADB00616C66 /* Resources */ = {
			isa = PBXResourcesBuildPhase;
			buildActionMask = 2147483647;
			files = (
			);
			runOnlyForDeploymentPostprocessing = 0;
		};
/* End PBXResourcesBuildPhase section */

/* Begin PBXSourcesBuildPhase section */
		A234007A29708AD500616C66 /* Sources */ = {
			isa = PBXSourcesBuildPhase;
			buildActionMask = 2147483647;
			files = (
				A234008429708AD500616C66 /* ContentView.swift in Sources */,
				A23400AC2970913C00616C66 /* APICaller.swift in Sources */,
				A234008229708AD500616C66 /* SauceLabsAPICallerApp.swift in Sources */,
			);
			runOnlyForDeploymentPostprocessing = 0;
		};
		A234008A29708ADB00616C66 /* Sources */ = {
			isa = PBXSourcesBuildPhase;
			buildActionMask = 2147483647;
			files = (
				A234009329708ADB00616C66 /* SauceLabsAPICallerTests.swift in Sources */,
			);
			runOnlyForDeploymentPostprocessing = 0;
		};
		A234009429708ADB00616C66 /* Sources */ = {
			isa = PBXSourcesBuildPhase;
			buildActionMask = 2147483647;
			files = (
				A234009F29708ADB00616C66 /* SauceLabsAPICallerUITestsLaunchTests.swift in Sources */,
				A234009D29708ADB00616C66 /* SauceLabsAPICallerUITests.swift in Sources */,
			);
			runOnlyForDeploymentPostprocessing = 0;
		};
/* End PBXSourcesBuildPhase section */

/* Begin PBXTargetDependency section */
		A234009029708ADB00616C66 /* PBXTargetDependency */ = {
			isa = PBXTargetDependency;
			target = A234007D29708AD500616C66 /* SauceLabsAPICaller */;
			targetProxy = A234008F29708ADB00616C66 /* PBXContainerItemProxy */;
		};
		A234009A29708ADB00616C66 /* PBXTargetDependency */ = {
			isa = PBXTargetDependency;
			target = A234007D29708AD500616C66 /* SauceLabsAPICaller */;
			targetProxy = A234009929708ADB00616C66 /* PBXContainerItemProxy */;
		};
/* End PBXTargetDependency section */

/* Begin XCBuildConfiguration section */
		A23400A029708ADB00616C66 /* Debug */ = {
			isa = XCBuildConfiguration;
			buildSettings = {
				ALWAYS_SEARCH_USER_PATHS = NO;
				CLANG_ANALYZER_NONNULL = YES;
				CLANG_ANALYZER_NUMBER_OBJECT_CONVERSION = YES_AGGRESSIVE;
				CLANG_CXX_LANGUAGE_STANDARD = "gnu++20";
				CLANG_ENABLE_MODULES = YES;
				CLANG_ENABLE_OBJC_ARC = YES;
				CLANG_ENABLE_OBJC_WEAK = YES;
				CLANG_WARN_BLOCK_CAPTURE_AUTORELEASING = YES;
				CLANG_WARN_BOOL_CONVERSION = YES;
				CLANG_WARN_COMMA = YES;
				CLANG_WARN_CONSTANT_CONVERSION = YES;
				CLANG_WARN_DEPRECATED_OBJC_IMPLEMENTATIONS = YES;
				CLANG_WARN_DIRECT_OBJC_ISA_USAGE = YES_ERROR;
				CLANG_WARN_DOCUMENTATION_COMMENTS = YES;
				CLANG_WARN_EMPTY_BODY = YES;
				CLANG_WARN_ENUM_CONVERSION = YES;
				CLANG_WARN_INFINITE_RECURSION = YES;
				CLANG_WARN_INT_CONVERSION = YES;
				CLANG_WARN_NON_LITERAL_NULL_CONVERSION = YES;
				CLANG_WARN_OBJC_IMPLICIT_RETAIN_SELF = YES;
				CLANG_WARN_OBJC_LITERAL_CONVERSION = YES;
				CLANG_WARN_OBJC_ROOT_CLASS = YES_ERROR;
				CLANG_WARN_QUOTED_INCLUDE_IN_FRAMEWORK_HEADER = YES;
				CLANG_WARN_RANGE_LOOP_ANALYSIS = YES;
				CLANG_WARN_STRICT_PROTOTYPES = YES;
				CLANG_WARN_SUSPICIOUS_MOVE = YES;
				CLANG_WARN_UNGUARDED_AVAILABILITY = YES_AGGRESSIVE;
				CLANG_WARN_UNREACHABLE_CODE = YES;
				CLANG_WARN__DUPLICATE_METHOD_MATCH = YES;
				COPY_PHASE_STRIP = NO;
				DEBUG_INFORMATION_FORMAT = dwarf;
				ENABLE_STRICT_OBJC_MSGSEND = YES;
				ENABLE_TESTABILITY = YES;
				GCC_C_LANGUAGE_STANDARD = gnu11;
				GCC_DYNAMIC_NO_PIC = NO;
				GCC_NO_COMMON_BLOCKS = YES;
				GCC_OPTIMIZATION_LEVEL = 0;
				GCC_PREPROCESSOR_DEFINITIONS = (
					"DEBUG=1",
					"$(inherited)",
				);
				GCC_WARN_64_TO_32_BIT_CONVERSION = YES;
				GCC_WARN_ABOUT_RETURN_TYPE = YES_ERROR;
				GCC_WARN_UNDECLARED_SELECTOR = YES;
				GCC_WARN_UNINITIALIZED_AUTOS = YES_AGGRESSIVE;
				GCC_WARN_UNUSED_FUNCTION = YES;
				GCC_WARN_UNUSED_VARIABLE = YES;
				IPHONEOS_DEPLOYMENT_TARGET = 16.2;
				MTL_ENABLE_DEBUG_INFO = INCLUDE_SOURCE;
				MTL_FAST_MATH = YES;
				ONLY_ACTIVE_ARCH = YES;
				SDKROOT = iphoneos;
				SWIFT_ACTIVE_COMPILATION_CONDITIONS = DEBUG;
				SWIFT_OPTIMIZATION_LEVEL = "-Onone";
			};
			name = Debug;
		};
		A23400A129708ADB00616C66 /* Release */ = {
			isa = XCBuildConfiguration;
			buildSettings = {
				ALWAYS_SEARCH_USER_PATHS = NO;
				CLANG_ANALYZER_NONNULL = YES;
				CLANG_ANALYZER_NUMBER_OBJECT_CONVERSION = YES_AGGRESSIVE;
				CLANG_CXX_LANGUAGE_STANDARD = "gnu++20";
				CLANG_ENABLE_MODULES = YES;
				CLANG_ENABLE_OBJC_ARC = YES;
				CLANG_ENABLE_OBJC_WEAK = YES;
				CLANG_WARN_BLOCK_CAPTURE_AUTORELEASING = YES;
				CLANG_WARN_BOOL_CONVERSION = YES;
				CLANG_WARN_COMMA = YES;
				CLANG_WARN_CONSTANT_CONVERSION = YES;
				CLANG_WARN_DEPRECATED_OBJC_IMPLEMENTATIONS = YES;
				CLANG_WARN_DIRECT_OBJC_ISA_USAGE = YES_ERROR;
				CLANG_WARN_DOCUMENTATION_COMMENTS = YES;
				CLANG_WARN_EMPTY_BODY = YES;
				CLANG_WARN_ENUM_CONVERSION = YES;
				CLANG_WARN_INFINITE_RECURSION = YES;
				CLANG_WARN_INT_CONVERSION = YES;
				CLANG_WARN_NON_LITERAL_NULL_CONVERSION = YES;
				CLANG_WARN_OBJC_IMPLICIT_RETAIN_SELF = YES;
				CLANG_WARN_OBJC_LITERAL_CONVERSION = YES;
				CLANG_WARN_OBJC_ROOT_CLASS = YES_ERROR;
				CLANG_WARN_QUOTED_INCLUDE_IN_FRAMEWORK_HEADER = YES;
				CLANG_WARN_RANGE_LOOP_ANALYSIS = YES;
				CLANG_WARN_STRICT_PROTOTYPES = YES;
				CLANG_WARN_SUSPICIOUS_MOVE = YES;
				CLANG_WARN_UNGUARDED_AVAILABILITY = YES_AGGRESSIVE;
				CLANG_WARN_UNREACHABLE_CODE = YES;
				CLANG_WARN__DUPLICATE_METHOD_MATCH = YES;
				COPY_PHASE_STRIP = NO;
				DEBUG_INFORMATION_FORMAT = "dwarf-with-dsym";
				ENABLE_NS_ASSERTIONS = NO;
				ENABLE_STRICT_OBJC_MSGSEND = YES;
				GCC_C_LANGUAGE_STANDARD = gnu11;
				GCC_NO_COMMON_BLOCKS = YES;
				GCC_WARN_64_TO_32_BIT_CONVERSION = YES;
				GCC_WARN_ABOUT_RETURN_TYPE = YES_ERROR;
				GCC_WARN_UNDECLARED_SELECTOR = YES;
				GCC_WARN_UNINITIALIZED_AUTOS = YES_AGGRESSIVE;
				GCC_WARN_UNUSED_FUNCTION = YES;
				GCC_WARN_UNUSED_VARIABLE = YES;
				IPHONEOS_DEPLOYMENT_TARGET = 16.2;
				MTL_ENABLE_DEBUG_INFO = NO;
				MTL_FAST_MATH = YES;
				SDKROOT = iphoneos;
				SWIFT_COMPILATION_MODE = wholemodule;
				SWIFT_OPTIMIZATION_LEVEL = "-O";
				VALIDATE_PRODUCT = YES;
			};
			name = Release;
		};
		A23400A329708ADB00616C66 /* Debug */ = {
			isa = XCBuildConfiguration;
			buildSettings = {
				ASSETCATALOG_COMPILER_APPICON_NAME = AppIcon;
				ASSETCATALOG_COMPILER_GLOBAL_ACCENT_COLOR_NAME = AccentColor;
				CODE_SIGN_STYLE = Automatic;
				CURRENT_PROJECT_VERSION = 1;
				DEVELOPMENT_ASSET_PATHS = "\"SauceLabsAPICaller/Preview Content\"";
				DEVELOPMENT_TEAM = EKVU9746UD;
				ENABLE_PREVIEWS = YES;
				GENERATE_INFOPLIST_FILE = YES;
				INFOPLIST_KEY_UIApplicationSceneManifest_Generation = YES;
				INFOPLIST_KEY_UIApplicationSupportsIndirectInputEvents = YES;
				INFOPLIST_KEY_UILaunchScreen_Generation = YES;
				INFOPLIST_KEY_UISupportedInterfaceOrientations_iPad = "UIInterfaceOrientationPortrait UIInterfaceOrientationPortraitUpsideDown UIInterfaceOrientationLandscapeLeft UIInterfaceOrientationLandscapeRight";
				INFOPLIST_KEY_UISupportedInterfaceOrientations_iPhone = "UIInterfaceOrientationPortrait UIInterfaceOrientationLandscapeLeft UIInterfaceOrientationLandscapeRight";
				IPHONEOS_DEPLOYMENT_TARGET = 15.0;
				LD_RUNPATH_SEARCH_PATHS = (
					"$(inherited)",
					"@executable_path/Frameworks",
				);
				MARKETING_VERSION = 1.0;
				PRODUCT_BUNDLE_IDENTIFIER = com.saucelabs.SauceLabsAPICaller;
				PRODUCT_NAME = "$(TARGET_NAME)";
				SWIFT_EMIT_LOC_STRINGS = YES;
				SWIFT_VERSION = 5.0;
				TARGETED_DEVICE_FAMILY = "1,2";
			};
			name = Debug;
		};
		A23400A429708ADB00616C66 /* Release */ = {
			isa = XCBuildConfiguration;
			buildSettings = {
				ASSETCATALOG_COMPILER_APPICON_NAME = AppIcon;
				ASSETCATALOG_COMPILER_GLOBAL_ACCENT_COLOR_NAME = AccentColor;
				CODE_SIGN_STYLE = Automatic;
				CURRENT_PROJECT_VERSION = 1;
				DEVELOPMENT_ASSET_PATHS = "\"SauceLabsAPICaller/Preview Content\"";
				DEVELOPMENT_TEAM = EKVU9746UD;
				ENABLE_PREVIEWS = YES;
				GENERATE_INFOPLIST_FILE = YES;
				INFOPLIST_KEY_UIApplicationSceneManifest_Generation = YES;
				INFOPLIST_KEY_UIApplicationSupportsIndirectInputEvents = YES;
				INFOPLIST_KEY_UILaunchScreen_Generation = YES;
				INFOPLIST_KEY_UISupportedInterfaceOrientations_iPad = "UIInterfaceOrientationPortrait UIInterfaceOrientationPortraitUpsideDown UIInterfaceOrientationLandscapeLeft UIInterfaceOrientationLandscapeRight";
				INFOPLIST_KEY_UISupportedInterfaceOrientations_iPhone = "UIInterfaceOrientationPortrait UIInterfaceOrientationLandscapeLeft UIInterfaceOrientationLandscapeRight";
				IPHONEOS_DEPLOYMENT_TARGET = 15.0;
				LD_RUNPATH_SEARCH_PATHS = (
					"$(inherited)",
					"@executable_path/Frameworks",
				);
				MARKETING_VERSION = 1.0;
				PRODUCT_BUNDLE_IDENTIFIER = com.saucelabs.SauceLabsAPICaller;
				PRODUCT_NAME = "$(TARGET_NAME)";
				SWIFT_EMIT_LOC_STRINGS = YES;
				SWIFT_VERSION = 5.0;
				TARGETED_DEVICE_FAMILY = "1,2";
			};
			name = Release;
		};
		A23400A629708ADB00616C66 /* Debug */ = {
			isa = XCBuildConfiguration;
			buildSettings = {
				ALWAYS_EMBED_SWIFT_STANDARD_LIBRARIES = YES;
				BUNDLE_LOADER = "$(TEST_HOST)";
				CODE_SIGN_STYLE = Automatic;
				CURRENT_PROJECT_VERSION = 1;
				DEVELOPMENT_TEAM = EKVU9746UD;
				GENERATE_INFOPLIST_FILE = YES;
				IPHONEOS_DEPLOYMENT_TARGET = 16.2;
				MARKETING_VERSION = 1.0;
				PRODUCT_BUNDLE_IDENTIFIER = com.saucelabs.SauceLabsAPICallerTests;
				PRODUCT_NAME = "$(TARGET_NAME)";
				SWIFT_EMIT_LOC_STRINGS = NO;
				SWIFT_VERSION = 5.0;
				TARGETED_DEVICE_FAMILY = "1,2";
				TEST_HOST = "$(BUILT_PRODUCTS_DIR)/SauceLabsAPICaller.app/$(BUNDLE_EXECUTABLE_FOLDER_PATH)/SauceLabsAPICaller";
			};
			name = Debug;
		};
		A23400A729708ADB00616C66 /* Release */ = {
			isa = XCBuildConfiguration;
			buildSettings = {
				ALWAYS_EMBED_SWIFT_STANDARD_LIBRARIES = YES;
				BUNDLE_LOADER = "$(TEST_HOST)";
				CODE_SIGN_STYLE = Automatic;
				CURRENT_PROJECT_VERSION = 1;
				DEVELOPMENT_TEAM = EKVU9746UD;
				GENERATE_INFOPLIST_FILE = YES;
				IPHONEOS_DEPLOYMENT_TARGET = 16.2;
				MARKETING_VERSION = 1.0;
				PRODUCT_BUNDLE_IDENTIFIER = com.saucelabs.SauceLabsAPICallerTests;
				PRODUCT_NAME = "$(TARGET_NAME)";
				SWIFT_EMIT_LOC_STRINGS = NO;
				SWIFT_VERSION = 5.0;
				TARGETED_DEVICE_FAMILY = "1,2";
				TEST_HOST = "$(BUILT_PRODUCTS_DIR)/SauceLabsAPICaller.app/$(BUNDLE_EXECUTABLE_FOLDER_PATH)/SauceLabsAPICaller";
			};
			name = Release;
		};
		A23400A929708ADB00616C66 /* Debug */ = {
			isa = XCBuildConfiguration;
			buildSettings = {
				ALWAYS_EMBED_SWIFT_STANDARD_LIBRARIES = YES;
				CODE_SIGN_STYLE = Automatic;
				CURRENT_PROJECT_VERSION = 1;
				DEVELOPMENT_TEAM = EKVU9746UD;
				GENERATE_INFOPLIST_FILE = YES;
				MARKETING_VERSION = 1.0;
				PRODUCT_BUNDLE_IDENTIFIER = com.saucelabs.SauceLabsAPICallerUITests;
				PRODUCT_NAME = "$(TARGET_NAME)";
				SWIFT_EMIT_LOC_STRINGS = NO;
				SWIFT_VERSION = 5.0;
				TARGETED_DEVICE_FAMILY = "1,2";
				TEST_TARGET_NAME = SauceLabsAPICaller;
			};
			name = Debug;
		};
		A23400AA29708ADB00616C66 /* Release */ = {
			isa = XCBuildConfiguration;
			buildSettings = {
				ALWAYS_EMBED_SWIFT_STANDARD_LIBRARIES = YES;
				CODE_SIGN_STYLE = Automatic;
				CURRENT_PROJECT_VERSION = 1;
				DEVELOPMENT_TEAM = EKVU9746UD;
				GENERATE_INFOPLIST_FILE = YES;
				MARKETING_VERSION = 1.0;
				PRODUCT_BUNDLE_IDENTIFIER = com.saucelabs.SauceLabsAPICallerUITests;
				PRODUCT_NAME = "$(TARGET_NAME)";
				SWIFT_EMIT_LOC_STRINGS = NO;
				SWIFT_VERSION = 5.0;
				TARGETED_DEVICE_FAMILY = "1,2";
				TEST_TARGET_NAME = SauceLabsAPICaller;
			};
			name = Release;
		};
/* End XCBuildConfiguration section */

/* Begin XCConfigurationList section */
		A234007929708AD500616C66 /* Build configuration list for PBXProject "SauceLabsAPICaller" */ = {
			isa = XCConfigurationList;
			buildConfigurations = (
				A23400A029708ADB00616C66 /* Debug */,
				A23400A129708ADB00616C66 /* Release */,
			);
			defaultConfigurationIsVisible = 0;
			defaultConfigurationName = Release;
		};
		A23400A229708ADB00616C66 /* Build configuration list for PBXNativeTarget "SauceLabsAPICaller" */ = {
			isa = XCConfigurationList;
			buildConfigurations = (
				A23400A329708ADB00616C66 /* Debug */,
				A23400A429708ADB00616C66 /* Release */,
			);
			defaultConfigurationIsVisible = 0;
			defaultConfigurationName = Release;
		};
		A23400A529708ADB00616C66 /* Build configuration list for PBXNativeTarget "SauceLabsAPICallerTests" */ = {
			isa = XCConfigurationList;
			buildConfigurations = (
				A23400A629708ADB00616C66 /* Debug */,
				A23400A729708ADB00616C66 /* Release */,
			);
			defaultConfigurationIsVisible = 0;
			defaultConfigurationName = Release;
		};
		A23400A829708ADB00616C66 /* Build configuration list for PBXNativeTarget "SauceLabsAPICallerUITests" */ = {
			isa = XCConfigurationList;
			buildConfigurations = (
				A23400A929708ADB00616C66 /* Debug */,
				A23400AA29708ADB00616C66 /* Release */,
			);
			defaultConfigurationIsVisible = 0;
			defaultConfigurationName = Release;
		};
/* End XCConfigurationList section */
	};
	rootObject = A234007629708AD500616C66 /* Project object */;
}
